// !$*UTF8*$!
{
	archiveVersion = 1;
	classes = {
	};
	objectVersion = 46;
	objects = {

/* Begin PBXBuildFile section */
		08285F54189CD8B400B4FB44 /* Foundation.framework in Frameworks */ = {isa = PBXBuildFile; fileRef = 08285F53189CD8B400B4FB44 /* Foundation.framework */; };
		08285F56189CD8B400B4FB44 /* CoreGraphics.framework in Frameworks */ = {isa = PBXBuildFile; fileRef = 08285F55189CD8B400B4FB44 /* CoreGraphics.framework */; };
		08285F58189CD8B400B4FB44 /* UIKit.framework in Frameworks */ = {isa = PBXBuildFile; fileRef = 08285F57189CD8B400B4FB44 /* UIKit.framework */; };
		08285F5E189CD8B400B4FB44 /* InfoPlist.strings in Resources */ = {isa = PBXBuildFile; fileRef = 08285F5C189CD8B400B4FB44 /* InfoPlist.strings */; };
		08285F60189CD8B400B4FB44 /* main.m in Sources */ = {isa = PBXBuildFile; fileRef = 08285F5F189CD8B400B4FB44 /* main.m */; };
		08285F64189CD8B400B4FB44 /* CBAppDelegate.m in Sources */ = {isa = PBXBuildFile; fileRef = 08285F63189CD8B400B4FB44 /* CBAppDelegate.m */; };
		08285F67189CD8B400B4FB44 /* Main.storyboard in Resources */ = {isa = PBXBuildFile; fileRef = 08285F65189CD8B400B4FB44 /* Main.storyboard */; };
		08285F6A189CD8B400B4FB44 /* CBViewController.m in Sources */ = {isa = PBXBuildFile; fileRef = 08285F69189CD8B400B4FB44 /* CBViewController.m */; };
		08285F6C189CD8B400B4FB44 /* Images.xcassets in Resources */ = {isa = PBXBuildFile; fileRef = 08285F6B189CD8B400B4FB44 /* Images.xcassets */; };
		08285F73189CD8B500B4FB44 /* XCTest.framework in Frameworks */ = {isa = PBXBuildFile; fileRef = 08285F72189CD8B500B4FB44 /* XCTest.framework */; };
		08285F74189CD8B500B4FB44 /* Foundation.framework in Frameworks */ = {isa = PBXBuildFile; fileRef = 08285F53189CD8B400B4FB44 /* Foundation.framework */; };
		08285F75189CD8B500B4FB44 /* UIKit.framework in Frameworks */ = {isa = PBXBuildFile; fileRef = 08285F57189CD8B400B4FB44 /* UIKit.framework */; };
		08285F7D189CD8B500B4FB44 /* InfoPlist.strings in Resources */ = {isa = PBXBuildFile; fileRef = 08285F7B189CD8B500B4FB44 /* InfoPlist.strings */; };
		08285F7F189CD8B500B4FB44 /* testTests.m in Sources */ = {isa = PBXBuildFile; fileRef = 08285F7E189CD8B500B4FB44 /* testTests.m */; };
		08285F8A189CD8C200B4FB44 /* CBView.m in Sources */ = {isa = PBXBuildFile; fileRef = 08285F89189CD8C200B4FB44 /* CBView.m */; };
/* End PBXBuildFile section */

/* Begin PBXContainerItemProxy section */
		08285F76189CD8B500B4FB44 /* PBXContainerItemProxy */ = {
			isa = PBXContainerItemProxy;
			containerPortal = 08285F48189CD8B400B4FB44 /* Project object */;
			proxyType = 1;
			remoteGlobalIDString = 08285F4F189CD8B400B4FB44;
			remoteInfo = test;
		};
/* End PBXContainerItemProxy section */

/* Begin PBXFileReference section */
		08285F50189CD8B400B4FB44 /* test.app */ = {isa = PBXFileReference; explicitFileType = wrapper.application; includeInIndex = 0; path = test.app; sourceTree = BUILT_PRODUCTS_DIR; };
		08285F53189CD8B400B4FB44 /* Foundation.framework */ = {isa = PBXFileReference; lastKnownFileType = wrapper.framework; name = Foundation.framework; path = System/Library/Frameworks/Foundation.framework; sourceTree = SDKROOT; };
		08285F55189CD8B400B4FB44 /* CoreGraphics.framework */ = {isa = PBXFileReference; lastKnownFileType = wrapper.framework; name = CoreGraphics.framework; path = System/Library/Frameworks/CoreGraphics.framework; sourceTree = SDKROOT; };
		08285F57189CD8B400B4FB44 /* UIKit.framework */ = {isa = PBXFileReference; lastKnownFileType = wrapper.framework; name = UIKit.framework; path = System/Library/Frameworks/UIKit.framework; sourceTree = SDKROOT; };
		08285F5B189CD8B400B4FB44 /* test-Info.plist */ = {isa = PBXFileReference; lastKnownFileType = text.plist.xml; path = "test-Info.plist"; sourceTree = "<group>"; };
		08285F5D189CD8B400B4FB44 /* en */ = {isa = PBXFileReference; lastKnownFileType = text.plist.strings; name = en; path = en.lproj/InfoPlist.strings; sourceTree = "<group>"; };
		08285F5F189CD8B400B4FB44 /* main.m */ = {isa = PBXFileReference; lastKnownFileType = sourcecode.c.objc; path = main.m; sourceTree = "<group>"; };
		08285F61189CD8B400B4FB44 /* test-Prefix.pch */ = {isa = PBXFileReference; lastKnownFileType = sourcecode.c.h; path = "test-Prefix.pch"; sourceTree = "<group>"; };
		08285F62189CD8B400B4FB44 /* CBAppDelegate.h */ = {isa = PBXFileReference; lastKnownFileType = sourcecode.c.h; path = CBAppDelegate.h; sourceTree = "<group>"; };
		08285F63189CD8B400B4FB44 /* CBAppDelegate.m */ = {isa = PBXFileReference; lastKnownFileType = sourcecode.c.objc; path = CBAppDelegate.m; sourceTree = "<group>"; };
		08285F66189CD8B400B4FB44 /* Base */ = {isa = PBXFileReference; lastKnownFileType = file.storyboard; name = Base; path = Base.lproj/Main.storyboard; sourceTree = "<group>"; };
		08285F68189CD8B400B4FB44 /* CBViewController.h */ = {isa = PBXFileReference; lastKnownFileType = sourcecode.c.h; path = CBViewController.h; sourceTree = "<group>"; };
		08285F69189CD8B400B4FB44 /* CBViewController.m */ = {isa = PBXFileReference; lastKnownFileType = sourcecode.c.objc; path = CBViewController.m; sourceTree = "<group>"; };
		08285F6B189CD8B400B4FB44 /* Images.xcassets */ = {isa = PBXFileReference; lastKnownFileType = folder.assetcatalog; path = Images.xcassets; sourceTree = "<group>"; };
		08285F71189CD8B500B4FB44 /* testTests.xctest */ = {isa = PBXFileReference; explicitFileType = wrapper.cfbundle; includeInIndex = 0; path = testTests.xctest; sourceTree = BUILT_PRODUCTS_DIR; };
		08285F72189CD8B500B4FB44 /* XCTest.framework */ = {isa = PBXFileReference; lastKnownFileType = wrapper.framework; name = XCTest.framework; path = Library/Frameworks/XCTest.framework; sourceTree = DEVELOPER_DIR; };
		08285F7A189CD8B500B4FB44 /* testTests-Info.plist */ = {isa = PBXFileReference; lastKnownFileType = text.plist.xml; path = "testTests-Info.plist"; sourceTree = "<group>"; };
		08285F7C189CD8B500B4FB44 /* en */ = {isa = PBXFileReference; lastKnownFileType = text.plist.strings; name = en; path = en.lproj/InfoPlist.strings; sourceTree = "<group>"; };
		08285F7E189CD8B500B4FB44 /* testTests.m */ = {isa = PBXFileReference; lastKnownFileType = sourcecode.c.objc; path = testTests.m; sourceTree = "<group>"; };
		08285F88189CD8C200B4FB44 /* CBView.h */ = {isa = PBXFileReference; fileEncoding = 4; lastKnownFileType = sourcecode.c.h; path = CBView.h; sourceTree = "<group>"; };
		08285F89189CD8C200B4FB44 /* CBView.m */ = {isa = PBXFileReference; fileEncoding = 4; lastKnownFileType = sourcecode.c.objc; path = CBView.m; sourceTree = "<group>"; };
/* End PBXFileReference section */

/* Begin PBXFrameworksBuildPhase section */
		08285F4D189CD8B400B4FB44 /* Frameworks */ = {
			isa = PBXFrameworksBuildPhase;
			buildActionMask = 2147483647;
			files = (
				08285F56189CD8B400B4FB44 /* CoreGraphics.framework in Frameworks */,
				08285F58189CD8B400B4FB44 /* UIKit.framework in Frameworks */,
				08285F54189CD8B400B4FB44 /* Foundation.framework in Frameworks */,
			);
			runOnlyForDeploymentPostprocessing = 0;
		};
		08285F6E189CD8B500B4FB44 /* Frameworks */ = {
			isa = PBXFrameworksBuildPhase;
			buildActionMask = 2147483647;
			files = (
				08285F73189CD8B500B4FB44 /* XCTest.framework in Frameworks */,
				08285F75189CD8B500B4FB44 /* UIKit.framework in Frameworks */,
				08285F74189CD8B500B4FB44 /* Foundation.framework in Frameworks */,
			);
			runOnlyForDeploymentPostprocessing = 0;
		};
/* End PBXFrameworksBuildPhase section */

/* Begin PBXGroup section */
		08285F47189CD8B400B4FB44 = {
			isa = PBXGroup;
			children = (
				08285F59189CD8B400B4FB44 /* test */,
				08285F78189CD8B500B4FB44 /* testTests */,
				08285F52189CD8B400B4FB44 /* Frameworks */,
				08285F51189CD8B400B4FB44 /* Products */,
			);
			sourceTree = "<group>";
		};
		08285F51189CD8B400B4FB44 /* Products */ = {
			isa = PBXGroup;
			children = (
				08285F50189CD8B400B4FB44 /* test.app */,
				08285F71189CD8B500B4FB44 /* testTests.xctest */,
			);
			name = Products;
			sourceTree = "<group>";
		};
		08285F52189CD8B400B4FB44 /* Frameworks */ = {
			isa = PBXGroup;
			children = (
				08285F53189CD8B400B4FB44 /* Foundation.framework */,
				08285F55189CD8B400B4FB44 /* CoreGraphics.framework */,
				08285F57189CD8B400B4FB44 /* UIKit.framework */,
				08285F72189CD8B500B4FB44 /* XCTest.framework */,
			);
			name = Frameworks;
			sourceTree = "<group>";
		};
		08285F59189CD8B400B4FB44 /* test */ = {
			isa = PBXGroup;
			children = (
				08285F62189CD8B400B4FB44 /* CBAppDelegate.h */,
				08285F63189CD8B400B4FB44 /* CBAppDelegate.m */,
				08285F65189CD8B400B4FB44 /* Main.storyboard */,
				08285F68189CD8B400B4FB44 /* CBViewController.h */,
				08285F69189CD8B400B4FB44 /* CBViewController.m */,
				08285F88189CD8C200B4FB44 /* CBView.h */,
				08285F89189CD8C200B4FB44 /* CBView.m */,
				08285F6B189CD8B400B4FB44 /* Images.xcassets */,
				08285F5A189CD8B400B4FB44 /* Supporting Files */,
			);
			path = test;
			sourceTree = "<group>";
		};
		08285F5A189CD8B400B4FB44 /* Supporting Files */ = {
			isa = PBXGroup;
			children = (
				08285F5B189CD8B400B4FB44 /* test-Info.plist */,
				08285F5C189CD8B400B4FB44 /* InfoPlist.strings */,
				08285F5F189CD8B400B4FB44 /* main.m */,
				08285F61189CD8B400B4FB44 /* test-Prefix.pch */,
			);
			name = "Supporting Files";
			sourceTree = "<group>";
		};
		08285F78189CD8B500B4FB44 /* testTests */ = {
			isa = PBXGroup;
			children = (
				08285F7E189CD8B500B4FB44 /* testTests.m */,
				08285F79189CD8B500B4FB44 /* Supporting Files */,
			);
			path = testTests;
			sourceTree = "<group>";
		};
		08285F79189CD8B500B4FB44 /* Supporting Files */ = {
			isa = PBXGroup;
			children = (
				08285F7A189CD8B500B4FB44 /* testTests-Info.plist */,
				08285F7B189CD8B500B4FB44 /* InfoPlist.strings */,
			);
			name = "Supporting Files";
			sourceTree = "<group>";
		};
/* End PBXGroup section */

/* Begin PBXNativeTarget section */
		08285F4F189CD8B400B4FB44 /* test */ = {
			isa = PBXNativeTarget;
			buildConfigurationList = 08285F82189CD8B500B4FB44 /* Build configuration list for PBXNativeTarget "test" */;
			buildPhases = (
				08285F4C189CD8B400B4FB44 /* Sources */,
				08285F4D189CD8B400B4FB44 /* Frameworks */,
				08285F4E189CD8B400B4FB44 /* Resources */,
			);
			buildRules = (
			);
			dependencies = (
			);
			name = test;
			productName = test;
			productReference = 08285F50189CD8B400B4FB44 /* test.app */;
			productType = "com.apple.product-type.application";
		};
		08285F70189CD8B500B4FB44 /* testTests */ = {
			isa = PBXNativeTarget;
			buildConfigurationList = 08285F85189CD8B500B4FB44 /* Build configuration list for PBXNativeTarget "testTests" */;
			buildPhases = (
				08285F6D189CD8B500B4FB44 /* Sources */,
				08285F6E189CD8B500B4FB44 /* Frameworks */,
				08285F6F189CD8B500B4FB44 /* Resources */,
			);
			buildRules = (
			);
			dependencies = (
				08285F77189CD8B500B4FB44 /* PBXTargetDependency */,
			);
			name = testTests;
			productName = testTests;
			productReference = 08285F71189CD8B500B4FB44 /* testTests.xctest */;
			productType = "com.apple.product-type.bundle.unit-test";
		};
/* End PBXNativeTarget section */

/* Begin PBXProject section */
		08285F48189CD8B400B4FB44 /* Project object */ = {
			isa = PBXProject;
			attributes = {
				CLASSPREFIX = CB;
				LastUpgradeCheck = 0500;
				ORGANIZATIONNAME = ly;
				TargetAttributes = {
					08285F70189CD8B500B4FB44 = {
						TestTargetID = 08285F4F189CD8B400B4FB44;
					};
				};
			};
			buildConfigurationList = 08285F4B189CD8B400B4FB44 /* Build configuration list for PBXProject "test" */;
			compatibilityVersion = "Xcode 3.2";
			developmentRegion = English;
			hasScannedForEncodings = 0;
			knownRegions = (
				en,
				Base,
			);
			mainGroup = 08285F47189CD8B400B4FB44;
			productRefGroup = 08285F51189CD8B400B4FB44 /* Products */;
			projectDirPath = "";
			projectRoot = "";
			targets = (
				08285F4F189CD8B400B4FB44 /* test */,
				08285F70189CD8B500B4FB44 /* testTests */,
			);
		};
/* End PBXProject section */

/* Begin PBXResourcesBuildPhase section */
		08285F4E189CD8B400B4FB44 /* Resources */ = {
			isa = PBXResourcesBuildPhase;
			buildActionMask = 2147483647;
			files = (
				08285F6C189CD8B400B4FB44 /* Images.xcassets in Resources */,
				08285F5E189CD8B400B4FB44 /* InfoPlist.strings in Resources */,
				08285F67189CD8B400B4FB44 /* Main.storyboard in Resources */,
			);
			runOnlyForDeploymentPostprocessing = 0;
		};
		08285F6F189CD8B500B4FB44 /* Resources */ = {
			isa = PBXResourcesBuildPhase;
			buildActionMask = 2147483647;
			files = (
				08285F7D189CD8B500B4FB44 /* InfoPlist.strings in Resources */,
			);
			runOnlyForDeploymentPostprocessing = 0;
		};
/* End PBXResourcesBuildPhase section */

/* Begin PBXSourcesBuildPhase section */
		08285F4C189CD8B400B4FB44 /* Sources */ = {
			isa = PBXSourcesBuildPhase;
			buildActionMask = 2147483647;
			files = (
				08285F60189CD8B400B4FB44 /* main.m in Sources */,
				08285F64189CD8B400B4FB44 /* CBAppDelegate.m in Sources */,
				08285F6A189CD8B400B4FB44 /* CBViewController.m in Sources */,
				08285F8A189CD8C200B4FB44 /* CBView.m in Sources */,
			);
			runOnlyForDeploymentPostprocessing = 0;
		};
		08285F6D189CD8B500B4FB44 /* Sources */ = {
			isa = PBXSourcesBuildPhase;
			buildActionMask = 2147483647;
			files = (
				08285F7F189CD8B500B4FB44 /* testTests.m in Sources */,
			);
			runOnlyForDeploymentPostprocessing = 0;
		};
/* End PBXSourcesBuildPhase section */

/* Begin PBXTargetDependency section */
		08285F77189CD8B500B4FB44 /* PBXTargetDependency */ = {
			isa = PBXTargetDependency;
			target = 08285F4F189CD8B400B4FB44 /* test */;
			targetProxy = 08285F76189CD8B500B4FB44 /* PBXContainerItemProxy */;
		};
/* End PBXTargetDependency section */

/* Begin PBXVariantGroup section */
		08285F5C189CD8B400B4FB44 /* InfoPlist.strings */ = {
			isa = PBXVariantGroup;
			children = (
				08285F5D189CD8B400B4FB44 /* en */,
			);
			name = InfoPlist.strings;
			sourceTree = "<group>";
		};
		08285F65189CD8B400B4FB44 /* Main.storyboard */ = {
			isa = PBXVariantGroup;
			children = (
				08285F66189CD8B400B4FB44 /* Base */,
			);
			name = Main.storyboard;
			sourceTree = "<group>";
		};
		08285F7B189CD8B500B4FB44 /* InfoPlist.strings */ = {
			isa = PBXVariantGroup;
			children = (
				08285F7C189CD8B500B4FB44 /* en */,
			);
			name = InfoPlist.strings;
			sourceTree = "<group>";
		};
/* End PBXVariantGroup section */

/* Begin XCBuildConfiguration section */
		08285F80189CD8B500B4FB44 /* Debug */ = {
			isa = XCBuildConfiguration;
			buildSettings = {
				ALWAYS_SEARCH_USER_PATHS = NO;
				ARCHS = "$(ARCHS_STANDARD_INCLUDING_64_BIT)";
				CLANG_CXX_LANGUAGE_STANDARD = "gnu++0x";
				CLANG_CXX_LIBRARY = "libc++";
				CLANG_ENABLE_MODULES = YES;
				CLANG_ENABLE_OBJC_ARC = YES;
				CLANG_WARN_BOOL_CONVERSION = YES;
				CLANG_WARN_CONSTANT_CONVERSION = YES;
				CLANG_WARN_DIRECT_OBJC_ISA_USAGE = YES_ERROR;
				CLANG_WARN_EMPTY_BODY = YES;
				CLANG_WARN_ENUM_CONVERSION = YES;
				CLANG_WARN_INT_CONVERSION = YES;
				CLANG_WARN_OBJC_ROOT_CLASS = YES_ERROR;
				CLANG_WARN__DUPLICATE_METHOD_MATCH = YES;
				"CODE_SIGN_IDENTITY[sdk=iphoneos*]" = "iPhone Developer";
				COPY_PHASE_STRIP = NO;
				GCC_C_LANGUAGE_STANDARD = gnu99;
				GCC_DYNAMIC_NO_PIC = NO;
				GCC_OPTIMIZATION_LEVEL = 0;
				GCC_PREPROCESSOR_DEFINITIONS = (
					"DEBUG=1",
					"$(inherited)",
				);
				GCC_SYMBOLS_PRIVATE_EXTERN = NO;
				GCC_WARN_64_TO_32_BIT_CONVERSION = YES;
				GCC_WARN_ABOUT_RETURN_TYPE = YES_ERROR;
				GCC_WARN_UNDECLARED_SELECTOR = YES;
				GCC_WARN_UNINITIALIZED_AUTOS = YES;
				GCC_WARN_UNUSED_FUNCTION = YES;
				GCC_WARN_UNUSED_VARIABLE = YES;
				IPHONEOS_DEPLOYMENT_TARGET = 7.0;
				ONLY_ACTIVE_ARCH = YES;
				SDKROOT = iphoneos;
			};
			name = Debug;
		};
		08285F81189CD8B500B4FB44 /* Release */ = {
			isa = XCBuildConfiguration;
			buildSettings = {
				ALWAYS_SEARCH_USER_PATHS = NO;
				ARCHS = "$(ARCHS_STANDARD_INCLUDING_64_BIT)";
				CLANG_CXX_LANGUAGE_STANDARD = "gnu++0x";
				CLANG_CXX_LIBRARY = "libc++";
				CLANG_ENABLE_MODULES = YES;
				CLANG_ENABLE_OBJC_ARC = YES;
				CLANG_WARN_BOOL_CONVERSION = YES;
				CLANG_WARN_CONSTANT_CONVERSION = YES;
				CLANG_WARN_DIRECT_OBJC_ISA_USAGE = YES_ERROR;
				CLANG_WARN_EMPTY_BODY = YES;
				CLANG_WARN_ENUM_CONVERSION = YES;
				CLANG_WARN_INT_CONVERSION = YES;
				CLANG_WARN_OBJC_ROOT_CLASS = YES_ERROR;
				CLANG_WARN__DUPLICATE_METHOD_MATCH = YES;
				"CODE_SIGN_IDENTITY[sdk=iphoneos*]" = "iPhone Developer";
				COPY_PHASE_STRIP = YES;
				ENABLE_NS_ASSERTIONS = NO;
				GCC_C_LANGUAGE_STANDARD = gnu99;
				GCC_WARN_64_TO_32_BIT_CONVERSION = YES;
				GCC_WARN_ABOUT_RETURN_TYPE = YES_ERROR;
				GCC_WARN_UNDECLARED_SELECTOR = YES;
				GCC_WARN_UNINITIALIZED_AUTOS = YES;
				GCC_WARN_UNUSED_FUNCTION = YES;
				GCC_WARN_UNUSED_VARIABLE = YES;
				IPHONEOS_DEPLOYMENT_TARGET = 7.0;
				SDKROOT = iphoneos;
				VALIDATE_PRODUCT = YES;
			};
			name = Release;
		};
		08285F83189CD8B500B4FB44 /* Debug */ = {
			isa = XCBuildConfiguration;
			buildSettings = {
				ASSETCATALOG_COMPILER_APPICON_NAME = AppIcon;
				ASSETCATALOG_COMPILER_LAUNCHIMAGE_NAME = LaunchImage;
				GCC_PRECOMPILE_PREFIX_HEADER = YES;
				GCC_PREFIX_HEADER = "test/test-Prefix.pch";
				INFOPLIST_FILE = "test/test-Info.plist";
				PRODUCT_NAME = "$(TARGET_NAME)";
				WRAPPER_EXTENSION = app;
			};
			name = Debug;
		};
		08285F84189CD8B500B4FB44 /* Release */ = {
			isa = XCBuildConfiguration;
			buildSettings = {
				ASSETCATALOG_COMPILER_APPICON_NAME = AppIcon;
				ASSETCATALOG_COMPILER_LAUNCHIMAGE_NAME = LaunchImage;
				GCC_PRECOMPILE_PREFIX_HEADER = YES;
				GCC_PREFIX_HEADER = "test/test-Prefix.pch";
				INFOPLIST_FILE = "test/test-Info.plist";
				PRODUCT_NAME = "$(TARGET_NAME)";
				WRAPPER_EXTENSION = app;
			};
			name = Release;
		};
		08285F86189CD8B500B4FB44 /* Debug */ = {
			isa = XCBuildConfiguration;
			buildSettings = {
				ARCHS = "$(ARCHS_STANDARD_INCLUDING_64_BIT)";
				BUNDLE_LOADER = "$(BUILT_PRODUCTS_DIR)/test.app/test";
				FRAMEWORK_SEARCH_PATHS = (
					"$(SDKROOT)/Developer/Library/Frameworks",
					"$(inherited)",
					"$(DEVELOPER_FRAMEWORKS_DIR)",
				);
				GCC_PRECOMPILE_PREFIX_HEADER = YES;
				GCC_PREFIX_HEADER = "test/test-Prefix.pch";
				GCC_PREPROCESSOR_DEFINITIONS = (
					"DEBUG=1",
					"$(inherited)",
				);
				INFOPLIST_FILE = "testTests/testTests-Info.plist";
				PRODUCT_NAME = "$(TARGET_NAME)";
				TEST_HOST = "$(BUNDLE_LOADER)";
				WRAPPER_EXTENSION = xctest;
			};
			name = Debug;
		};
		08285F87189CD8B500B4FB44 /* Release */ = {
			isa = XCBuildConfiguration;
			buildSettings = {
				ARCHS = "$(ARCHS_STANDARD_INCLUDING_64_BIT)";
				BUNDLE_LOADER = "$(BUILT_PRODUCTS_DIR)/test.app/test";
				FRAMEWORK_SEARCH_PATHS = (
					"$(SDKROOT)/Developer/Library/Frameworks",
					"$(inherited)",
					"$(DEVELOPER_FRAMEWORKS_DIR)",
				);
				GCC_PRECOMPILE_PREFIX_HEADER = YES;
				GCC_PREFIX_HEADER = "test/test-Prefix.pch";
				INFOPLIST_FILE = "testTests/testTests-Info.plist";
				PRODUCT_NAME = "$(TARGET_NAME)";
				TEST_HOST = "$(BUNDLE_LOADER)";
				WRAPPER_EXTENSION = xctest;
			};
			name = Release;
		};
/* End XCBuildConfiguration section */

/* Begin XCConfigurationList section */
		08285F4B189CD8B400B4FB44 /* Build configuration list for PBXProject "test" */ = {
			isa = XCConfigurationList;
			buildConfigurations = (
				08285F80189CD8B500B4FB44 /* Debug */,
				08285F81189CD8B500B4FB44 /* Release */,
			);
			defaultConfigurationIsVisible = 0;
			defaultConfigurationName = Release;
		};
		08285F82189CD8B500B4FB44 /* Build configuration list for PBXNativeTarget "test" */ = {
			isa = XCConfigurationList;
			buildConfigurations = (
				08285F83189CD8B500B4FB44 /* Debug */,
				08285F84189CD8B500B4FB44 /* Release */,
			);
			defaultConfigurationIsVisible = 0;
		};
		08285F85189CD8B500B4FB44 /* Build configuration list for PBXNativeTarget "testTests" */ = {
			isa = XCConfigurationList;
			buildConfigurations = (
				08285F86189CD8B500B4FB44 /* Debug */,
				08285F87189CD8B500B4FB44 /* Release */,
			);
			defaultConfigurationIsVisible = 0;
		};
/* End XCConfigurationList section */
	};
	rootObject = 08285F48189CD8B400B4FB44 /* Project object */;
}
